
Microsoft Visual Studio Solution File, Format Version 12.00
# Visual Studio Version 16
VisualStudioVersion = 16.0.31025.194
MinimumVisualStudioVersion = 10.0.40219.1
Project("{9A19103F-16F7-4668-BE54-9A1E7A4F7556}") = "EjercicioPractico", "PruebasJALE\EjercicioPractico.csproj", "{5930F704-8ACB-4CEF-BCD4-76B6C4D343C6}"
EndProject
Global
	GlobalSection(SolutionConfigurationPlatforms) = preSolution
		Debug|Any CPU = Debug|Any CPU
		Release|Any CPU = Release|Any CPU
	EndGlobalSection
	GlobalSection(ProjectConfigurationPlatforms) = postSolution
		{5930F704-8ACB-4CEF-BCD4-76B6C4D343C6}.Debug|Any CPU.ActiveCfg = Debug|Any CPU
		{5930F704-8ACB-4CEF-BCD4-76B6C4D343C6}.Debug|Any CPU.Build.0 = Debug|Any CPU
		{5930F704-8ACB-4CEF-BCD4-76B6C4D343C6}.Release|Any CPU.ActiveCfg = Release|Any CPU
		{5930F704-8ACB-4CEF-BCD4-76B6C4D343C6}.Release|Any CPU.Build.0 = Release|Any CPU
	EndGlobalSection
	GlobalSection(SolutionProperties) = preSolution
		HideSolutionNode = FALSE
	EndGlobalSection
	GlobalSection(ExtensibilityGlobals) = postSolution
		SolutionGuid = {83DC38C9-0202-40D3-88AA-55FE16378C48}
	EndGlobalSection
EndGlobal
